
Microsoft Visual Studio Solution File, Format Version 12.00
# Visual Studio 15
VisualStudioVersion = 15.0.28307.271
MinimumVisualStudioVersion = 10.0.40219.1
Project("{FAE04EC0-301F-11D3-BF4B-00C04F79EFBC}") = "AnimatedHappiness.Core", "AnimatedHappiness.Core\AnimatedHappiness.Core.csproj", "{3E10B091-4749-4C0D-95A9-3547643112EC}"
EndProject
Project("{FAE04EC0-301F-11D3-BF4B-00C04F79EFBC}") = "AnimatedHappiness.Benchmarks", "AnimatedHappiness.Benchmarks\AnimatedHappiness.Benchmarks.csproj", "{C679E1BE-FC48-45F4-99B4-BD6D84DD8DEC}"
EndProject
Project("{FAE04EC0-301F-11D3-BF4B-00C04F79EFBC}") = "AnimatedHappiness.Tests", "AnimatedHappiness.Tests\AnimatedHappiness.Tests.csproj", "{5296314F-642A-41FF-B531-0D5213DE7C76}"
EndProject
Project("{FAE04EC0-301F-11D3-BF4B-00C04F79EFBC}") = "AnimatedHappiness", "AnimatedHappiness\AnimatedHappiness.csproj", "{90FC1572-C692-4FE6-ACB6-C60EB0FE6E92}"
EndProject
Global
	GlobalSection(SolutionConfigurationPlatforms) = preSolution
		Debug|Any CPU = Debug|Any CPU
		Release|Any CPU = Release|Any CPU
	EndGlobalSection
	GlobalSection(ProjectConfigurationPlatforms) = postSolution
		{3E10B091-4749-4C0D-95A9-3547643112EC}.Debug|Any CPU.ActiveCfg = Debug|Any CPU
		{3E10B091-4749-4C0D-95A9-3547643112EC}.Debug|Any CPU.Build.0 = Debug|Any CPU
		{3E10B091-4749-4C0D-95A9-3547643112EC}.Release|Any CPU.ActiveCfg = Release|Any CPU
		{3E10B091-4749-4C0D-95A9-3547643112EC}.Release|Any CPU.Build.0 = Release|Any CPU
		{C679E1BE-FC48-45F4-99B4-BD6D84DD8DEC}.Debug|Any CPU.ActiveCfg = Debug|Any CPU
		{C679E1BE-FC48-45F4-99B4-BD6D84DD8DEC}.Debug|Any CPU.Build.0 = Debug|Any CPU
		{C679E1BE-FC48-45F4-99B4-BD6D84DD8DEC}.Release|Any CPU.ActiveCfg = Release|Any CPU
		{C679E1BE-FC48-45F4-99B4-BD6D84DD8DEC}.Release|Any CPU.Build.0 = Release|Any CPU
		{5296314F-642A-41FF-B531-0D5213DE7C76}.Debug|Any CPU.ActiveCfg = Debug|Any CPU
		{5296314F-642A-41FF-B531-0D5213DE7C76}.Debug|Any CPU.Build.0 = Debug|Any CPU
		{5296314F-642A-41FF-B531-0D5213DE7C76}.Release|Any CPU.ActiveCfg = Release|Any CPU
		{5296314F-642A-41FF-B531-0D5213DE7C76}.Release|Any CPU.Build.0 = Release|Any CPU
		{90FC1572-C692-4FE6-ACB6-C60EB0FE6E92}.Debug|Any CPU.ActiveCfg = Debug|Any CPU
		{90FC1572-C692-4FE6-ACB6-C60EB0FE6E92}.Debug|Any CPU.Build.0 = Debug|Any CPU
		{90FC1572-C692-4FE6-ACB6-C60EB0FE6E92}.Release|Any CPU.ActiveCfg = Release|Any CPU
		{90FC1572-C692-4FE6-ACB6-C60EB0FE6E92}.Release|Any CPU.Build.0 = Release|Any CPU
	EndGlobalSection
	GlobalSection(SolutionProperties) = preSolution
		HideSolutionNode = FALSE
	EndGlobalSection
	GlobalSection(ExtensibilityGlobals) = postSolution
		SolutionGuid = {E20CD3F3-5D53-4522-BF54-8B92AED5BF90}
	EndGlobalSection
EndGlobal
